
Microsoft Visual Studio Solution File, Format Version 12.00
# Visual Studio Version 17
VisualStudioVersion = 17.9.34728.123
MinimumVisualStudioVersion = 10.0.40219.1
Project("{FAE04EC0-301F-11D3-BF4B-00C04F79EFBC}") = "PreyPredator", "PreyPredator.csproj", "{B7CE920C-4CF0-4FE9-968F-D64428B68E0D}"
EndProject
Global
	GlobalSection(SolutionConfigurationPlatforms) = preSolution
		Debug|Any CPU = Debug|Any CPU
		Release|Any CPU = Release|Any CPU
	EndGlobalSection
	GlobalSection(ProjectConfigurationPlatforms) = postSolution
		{B7CE920C-4CF0-4FE9-968F-D64428B68E0D}.Debug|Any CPU.ActiveCfg = Debug|Any CPU
		{B7CE920C-4CF0-4FE9-968F-D64428B68E0D}.Debug|Any CPU.Build.0 = Debug|Any CPU
		{B7CE920C-4CF0-4FE9-968F-D64428B68E0D}.Release|Any CPU.ActiveCfg = Release|Any CPU
		{B7CE920C-4CF0-4FE9-968F-D64428B68E0D}.Release|Any CPU.Build.0 = Release|Any CPU
	EndGlobalSection
	GlobalSection(SolutionProperties) = preSolution
		HideSolutionNode = FALSE
	EndGlobalSection
	GlobalSection(ExtensibilityGlobals) = postSolution
		SolutionGuid = {2C76E525-FD0B-4328-8404-B8164FE18518}
	EndGlobalSection
EndGlobal
